
Microsoft Visual Studio Solution File, Format Version 12.00
# Visual Studio Version 17
VisualStudioVersion = 17.8.34330.188
MinimumVisualStudioVersion = 10.0.40219.1
Project("{FAE04EC0-301F-11D3-BF4B-00C04F79EFBC}") = "PortalV2Core", "PortalV2Core\PortalV2Core.csproj", "{53601FD1-89B2-410D-8A1C-31FA4FF6ACBC}"
EndProject
Global
	GlobalSection(SolutionConfigurationPlatforms) = preSolution
		Debug|Any CPU = Debug|Any CPU
		Release|Any CPU = Release|Any CPU
	EndGlobalSection
	GlobalSection(ProjectConfigurationPlatforms) = postSolution
		{53601FD1-89B2-410D-8A1C-31FA4FF6ACBC}.Debug|Any CPU.ActiveCfg = Debug|Any CPU
		{53601FD1-89B2-410D-8A1C-31FA4FF6ACBC}.Debug|Any CPU.Build.0 = Debug|Any CPU
		{53601FD1-89B2-410D-8A1C-31FA4FF6ACBC}.Release|Any CPU.ActiveCfg = Release|Any CPU
		{53601FD1-89B2-410D-8A1C-31FA4FF6ACBC}.Release|Any CPU.Build.0 = Release|Any CPU
	EndGlobalSection
	GlobalSection(SolutionProperties) = preSolution
		HideSolutionNode = FALSE
	EndGlobalSection
	GlobalSection(ExtensibilityGlobals) = postSolution
		SolutionGuid = {A60BE04F-6144-4C7E-A390-148F621301E2}
	EndGlobalSection
EndGlobal
